<?xml version="1.0" encoding="utf-8"?>
<Project ToolsVersion="4.0" xmlns="http://schemas.microsoft.com/developer/msbuild/2003">
  <ItemGroup>
    <Filter Include="Source Files">
      <UniqueIdentifier>{4FC737F1-C7A5-4376-A066-2A32D752A2FF}</UniqueIdentifier>
      <Extensions>cpp;c;cc;cxx;def;odl;idl;hpj;bat;asm;asmx</Extensions>
    </Filter>
    <Filter Include="Header Files">
      <UniqueIdentifier>{93995380-89BD-4b04-88EB-625FBE52EBFB}</UniqueIdentifier>
      <Extensions>h;hh;hpp;hxx;hm;inl;inc;xsd</Extensions>
    </Filter>
    <Filter Include="Resource Files">
      <UniqueIdentifier>{67DA6AB6-F800-4c08-8B7A-83BB121AAD01}</UniqueIdentifier>
      <Extensions>rc;ico;cur;bmp;dlg;rc2;rct;bin;rgs;gif;jpg;jpeg;jpe;resx;tiff;tif;png;wav;mfcribbon-ms</Extensions>
    </Filter>
    <Filter Include="Source Files\arraysize">
      <UniqueIdentifier>{b7c908f5-e282-4e7d-b25d-baaa337507ae}</UniqueIdentifier>
    </Filter>
    <Filter Include="Source Files\datastructure">
      <UniqueIdentifier>{d75bedc2-cf36-4be6-b262-031a1eb3ff88}</UniqueIdentifier>
    </Filter>
  </ItemGroup>
  <ItemGroup>
    <ClInclude Include="Header.h">
      <Filter>Header Files</Filter>
    </ClInclude>
  </ItemGroup>
  <ItemGroup>
    <ClCompile Include="Main.c">
      <Filter>Source Files</Filter>
    </ClCompile>
    <ClCompile Include="Sieve.c">
      <Filter>Source Files</Filter>
    </ClCompile>
  </ItemGroup>
  <ItemGroup>
    <None Include="Kernel_arrayOfchars.cl">
      <Filter>Source Files\datastructure</Filter>
    </None>
    <None Include="Kernel_ulong.cl">
      <Filter>Source Files\datastructure</Filter>
    </None>
    <None Include="Kernel_shared_char_array.cl">
      <Filter>Source Files\datastructure</Filter>
    </None>
    <None Include="Kernel_shared_ulong_array.cl">
      <Filter>Source Files\datastructure</Filter>
    </None>
    <None Include="Kernel_shared_ulong_array_V11.cl">
      <Filter>Source Files\datastructure</Filter>
    </None>
    <None Include="Kernel_ulong_V11.cl">
      <Filter>Source Files\datastructure</Filter>
    </None>
    <None Include="Kernel_char_array.cl">
      <Filter>Source Files\datastructure</Filter>
    </None>
    <None Include="Kernel_char_array_1024.cl">
      <Filter>Source Files\arraysize</Filter>
    </None>
    <None Include="Kernel_char_array_128.cl">
      <Filter>Source Files\arraysize</Filter>
    </None>
    <None Include="Kernel_char_array_2048.cl">
      <Filter>Source Files\arraysize</Filter>
    </None>
    <None Include="Kernel_char_array_256.cl">
      <Filter>Source Files\arraysize</Filter>
    </None>
    <None Include="Kernel_char_array_4096.cl">
      <Filter>Source Files\arraysize</Filter>
    </None>
    <None Include="Kernel_char_array_512.cl">
      <Filter>Source Files\arraysize</Filter>
    </None>
    <None Include="Kernel_char_array_64.cl">
      <Filter>Source Files\arraysize</Filter>
    </None>
  </ItemGroup>
</Project>